
Microsoft Visual Studio Solution File, Format Version 12.00
# Visual Studio 15
VisualStudioVersion = 15.0.28307.852
MinimumVisualStudioVersion = 10.0.40219.1
Project("{FAE04EC0-301F-11D3-BF4B-00C04F79EFBC}") = "WPF - AlejandroNieto", "WPF - AlejandroNieto\WPF - AlejandroNieto.csproj", "{0C78046C-858B-41F1-B220-5A6F80C12268}"
EndProject
Global
	GlobalSection(SolutionConfigurationPlatforms) = preSolution
		Debug|Any CPU = Debug|Any CPU
		Release|Any CPU = Release|Any CPU
	EndGlobalSection
	GlobalSection(ProjectConfigurationPlatforms) = postSolution
		{0C78046C-858B-41F1-B220-5A6F80C12268}.Debug|Any CPU.ActiveCfg = Debug|Any CPU
		{0C78046C-858B-41F1-B220-5A6F80C12268}.Debug|Any CPU.Build.0 = Debug|Any CPU
		{0C78046C-858B-41F1-B220-5A6F80C12268}.Release|Any CPU.ActiveCfg = Release|Any CPU
		{0C78046C-858B-41F1-B220-5A6F80C12268}.Release|Any CPU.Build.0 = Release|Any CPU
	EndGlobalSection
	GlobalSection(SolutionProperties) = preSolution
		HideSolutionNode = FALSE
	EndGlobalSection
	GlobalSection(ExtensibilityGlobals) = postSolution
		SolutionGuid = {2BE5107B-1D9A-4F40-AB67-4EBF4C65FF4C}
	EndGlobalSection
EndGlobal
