
Microsoft Visual Studio Solution File, Format Version 12.00
# Visual Studio 15
VisualStudioVersion = 15.0.28307.852
MinimumVisualStudioVersion = 10.0.40219.1
Project("{FAE04EC0-301F-11D3-BF4B-00C04F79EFBC}") = "ConsoleApp8", "ConsoleApp8\ConsoleApp8.csproj", "{1D7C49B2-BC30-43A1-825E-172564F7D6B5}"
EndProject
Global
	GlobalSection(SolutionConfigurationPlatforms) = preSolution
		Debug|Any CPU = Debug|Any CPU
		Release|Any CPU = Release|Any CPU
	EndGlobalSection
	GlobalSection(ProjectConfigurationPlatforms) = postSolution
		{1D7C49B2-BC30-43A1-825E-172564F7D6B5}.Debug|Any CPU.ActiveCfg = Debug|Any CPU
		{1D7C49B2-BC30-43A1-825E-172564F7D6B5}.Debug|Any CPU.Build.0 = Debug|Any CPU
		{1D7C49B2-BC30-43A1-825E-172564F7D6B5}.Release|Any CPU.ActiveCfg = Release|Any CPU
		{1D7C49B2-BC30-43A1-825E-172564F7D6B5}.Release|Any CPU.Build.0 = Release|Any CPU
	EndGlobalSection
	GlobalSection(SolutionProperties) = preSolution
		HideSolutionNode = FALSE
	EndGlobalSection
	GlobalSection(ExtensibilityGlobals) = postSolution
		SolutionGuid = {CB09574E-EC80-490E-8046-893E1AC2FB90}
	EndGlobalSection
EndGlobal
