
Microsoft Visual Studio Solution File, Format Version 12.00
# Visual Studio 15
VisualStudioVersion = 15.0.28307.852
MinimumVisualStudioVersion = 10.0.40219.1
Project("{FAE04EC0-301F-11D3-BF4B-00C04F79EFBC}") = "ConsoleApp4", "ConsoleApp4\ConsoleApp4.csproj", "{E605A621-3124-4259-99CF-5D727291422B}"
EndProject
Global
	GlobalSection(SolutionConfigurationPlatforms) = preSolution
		Debug|Any CPU = Debug|Any CPU
		Release|Any CPU = Release|Any CPU
	EndGlobalSection
	GlobalSection(ProjectConfigurationPlatforms) = postSolution
		{E605A621-3124-4259-99CF-5D727291422B}.Debug|Any CPU.ActiveCfg = Debug|Any CPU
		{E605A621-3124-4259-99CF-5D727291422B}.Debug|Any CPU.Build.0 = Debug|Any CPU
		{E605A621-3124-4259-99CF-5D727291422B}.Release|Any CPU.ActiveCfg = Release|Any CPU
		{E605A621-3124-4259-99CF-5D727291422B}.Release|Any CPU.Build.0 = Release|Any CPU
	EndGlobalSection
	GlobalSection(SolutionProperties) = preSolution
		HideSolutionNode = FALSE
	EndGlobalSection
	GlobalSection(ExtensibilityGlobals) = postSolution
		SolutionGuid = {C9920B1E-E840-4ED1-AE91-094D4B2BE7A9}
	EndGlobalSection
EndGlobal
